
Microsoft Visual Studio Solution File, Format Version 12.00
# Visual Studio Version 16
VisualStudioVersion = 16.0.29728.190
MinimumVisualStudioVersion = 10.0.40219.1
Project("{8BC9CEB8-8B4A-11D0-8D11-00A0C91BC942}") = "C++PrimerLearning", "C++PrimerLearning\C++PrimerLearning.vcxproj", "{B1EDA43F-9E0F-4AEB-8098-EF558F0BF1C8}"
EndProject
Global
	GlobalSection(SolutionConfigurationPlatforms) = preSolution
		Debug|x64 = Debug|x64
		Debug|x86 = Debug|x86
		Release|x64 = Release|x64
		Release|x86 = Release|x86
	EndGlobalSection
	GlobalSection(ProjectConfigurationPlatforms) = postSolution
		{B1EDA43F-9E0F-4AEB-8098-EF558F0BF1C8}.Debug|x64.ActiveCfg = Debug|x64
		{B1EDA43F-9E0F-4AEB-8098-EF558F0BF1C8}.Debug|x64.Build.0 = Debug|x64
		{B1EDA43F-9E0F-4AEB-8098-EF558F0BF1C8}.Debug|x86.ActiveCfg = Debug|Win32
		{B1EDA43F-9E0F-4AEB-8098-EF558F0BF1C8}.Debug|x86.Build.0 = Debug|Win32
		{B1EDA43F-9E0F-4AEB-8098-EF558F0BF1C8}.Release|x64.ActiveCfg = Release|x64
		{B1EDA43F-9E0F-4AEB-8098-EF558F0BF1C8}.Release|x64.Build.0 = Release|x64
		{B1EDA43F-9E0F-4AEB-8098-EF558F0BF1C8}.Release|x86.ActiveCfg = Release|Win32
		{B1EDA43F-9E0F-4AEB-8098-EF558F0BF1C8}.Release|x86.Build.0 = Release|Win32
	EndGlobalSection
	GlobalSection(SolutionProperties) = preSolution
		HideSolutionNode = FALSE
	EndGlobalSection
	GlobalSection(ExtensibilityGlobals) = postSolution
		SolutionGuid = {30B50299-EEB7-4537-8C7B-C104450AD70A}
	EndGlobalSection
EndGlobal
